
Microsoft Visual Studio Solution File, Format Version 12.00
# Visual Studio Version 16
VisualStudioVersion = 16.0.30804.86
MinimumVisualStudioVersion = 10.0.40219.1
Project("{9A19103F-16F7-4668-BE54-9A1E7A4F7556}") = "BlogNetCore", "BlogNetCore\BlogNetCore.csproj", "{B28BF969-00FF-4B2A-8432-7F48900C372D}"
EndProject
Project("{FAE04EC0-301F-11D3-BF4B-00C04F79EFBC}") = "BlogNetCore.Tests", "BlogNetCore.Tests\BlogNetCore.Tests.csproj", "{471F39AC-172A-4057-ACE3-179163D52550}"
	ProjectSection(ProjectDependencies) = postProject
		{B28BF969-00FF-4B2A-8432-7F48900C372D} = {B28BF969-00FF-4B2A-8432-7F48900C372D}
	EndProjectSection
EndProject
Global
	GlobalSection(SolutionConfigurationPlatforms) = preSolution
		Debug|Any CPU = Debug|Any CPU
		Release|Any CPU = Release|Any CPU
	EndGlobalSection
	GlobalSection(ProjectConfigurationPlatforms) = postSolution
		{B28BF969-00FF-4B2A-8432-7F48900C372D}.Debug|Any CPU.ActiveCfg = Debug|Any CPU
		{B28BF969-00FF-4B2A-8432-7F48900C372D}.Debug|Any CPU.Build.0 = Debug|Any CPU
		{B28BF969-00FF-4B2A-8432-7F48900C372D}.Release|Any CPU.ActiveCfg = Release|Any CPU
		{B28BF969-00FF-4B2A-8432-7F48900C372D}.Release|Any CPU.Build.0 = Release|Any CPU
		{471F39AC-172A-4057-ACE3-179163D52550}.Debug|Any CPU.ActiveCfg = Debug|Any CPU
		{471F39AC-172A-4057-ACE3-179163D52550}.Debug|Any CPU.Build.0 = Debug|Any CPU
		{471F39AC-172A-4057-ACE3-179163D52550}.Release|Any CPU.ActiveCfg = Release|Any CPU
		{471F39AC-172A-4057-ACE3-179163D52550}.Release|Any CPU.Build.0 = Release|Any CPU
	EndGlobalSection
	GlobalSection(SolutionProperties) = preSolution
		HideSolutionNode = FALSE
	EndGlobalSection
	GlobalSection(ExtensibilityGlobals) = postSolution
		SolutionGuid = {310043E0-4311-45B3-8BB8-14EB475DBA86}
	EndGlobalSection
EndGlobal
